
Microsoft Visual Studio Solution File, Format Version 12.00
# Visual Studio 15
VisualStudioVersion = 15.0.27703.2000
MinimumVisualStudioVersion = 10.0.40219.1
Project("{FAE04EC0-301F-11D3-BF4B-00C04F79EFBC}") = "EmployeeManagementSystem", "EmployeeManagementSystem\EmployeeManagementSystem.csproj", "{492285C1-1811-4BDC-8331-08A4E7739E32}"
EndProject
Project("{FAE04EC0-301F-11D3-BF4B-00C04F79EFBC}") = "EmployeeManagementSystem.Tests", "EmployeeManagementSystem.Tests\EmployeeManagementSystem.Tests.csproj", "{C1A7F0FB-322B-499A-B6DE-F48081CA2469}"
EndProject
Global
	GlobalSection(SolutionConfigurationPlatforms) = preSolution
		Debug|Any CPU = Debug|Any CPU
		Release|Any CPU = Release|Any CPU
	EndGlobalSection
	GlobalSection(ProjectConfigurationPlatforms) = postSolution
		{492285C1-1811-4BDC-8331-08A4E7739E32}.Debug|Any CPU.ActiveCfg = Debug|Any CPU
		{492285C1-1811-4BDC-8331-08A4E7739E32}.Debug|Any CPU.Build.0 = Debug|Any CPU
		{492285C1-1811-4BDC-8331-08A4E7739E32}.Release|Any CPU.ActiveCfg = Release|Any CPU
		{492285C1-1811-4BDC-8331-08A4E7739E32}.Release|Any CPU.Build.0 = Release|Any CPU
		{C1A7F0FB-322B-499A-B6DE-F48081CA2469}.Debug|Any CPU.ActiveCfg = Debug|Any CPU
		{C1A7F0FB-322B-499A-B6DE-F48081CA2469}.Debug|Any CPU.Build.0 = Debug|Any CPU
		{C1A7F0FB-322B-499A-B6DE-F48081CA2469}.Release|Any CPU.ActiveCfg = Release|Any CPU
		{C1A7F0FB-322B-499A-B6DE-F48081CA2469}.Release|Any CPU.Build.0 = Release|Any CPU
	EndGlobalSection
	GlobalSection(SolutionProperties) = preSolution
		HideSolutionNode = FALSE
	EndGlobalSection
	GlobalSection(ExtensibilityGlobals) = postSolution
		SolutionGuid = {0E11C484-8250-4968-A632-2E3F654C7151}
	EndGlobalSection
EndGlobal
